
Microsoft Visual Studio Solution File, Format Version 12.00
# Visual Studio Version 17
VisualStudioVersion = 17.9.34616.47
MinimumVisualStudioVersion = 10.0.40219.1
Project("{9A19103F-16F7-4668-BE54-9A1E7A4F7556}") = "BookStore", "BookStore\BookStore.csproj", "{747D6210-25C2-4061-A9F5-4374F76F0AB8}"
EndProject
Global
	GlobalSection(SolutionConfigurationPlatforms) = preSolution
		Debug|Any CPU = Debug|Any CPU
		Release|Any CPU = Release|Any CPU
	EndGlobalSection
	GlobalSection(ProjectConfigurationPlatforms) = postSolution
		{747D6210-25C2-4061-A9F5-4374F76F0AB8}.Debug|Any CPU.ActiveCfg = Debug|Any CPU
		{747D6210-25C2-4061-A9F5-4374F76F0AB8}.Debug|Any CPU.Build.0 = Debug|Any CPU
		{747D6210-25C2-4061-A9F5-4374F76F0AB8}.Release|Any CPU.ActiveCfg = Release|Any CPU
		{747D6210-25C2-4061-A9F5-4374F76F0AB8}.Release|Any CPU.Build.0 = Release|Any CPU
	EndGlobalSection
	GlobalSection(SolutionProperties) = preSolution
		HideSolutionNode = FALSE
	EndGlobalSection
	GlobalSection(ExtensibilityGlobals) = postSolution
		SolutionGuid = {214F7A42-892B-4B03-84D2-B3C2D6222453}
	EndGlobalSection
EndGlobal
